# THIS IS AN AUTOGENERATED FILE. DO NOT EDIT THIS FILE DIRECTLY.
# yarn lockfile v1


"@sanity/cli@^2.0.3":
  version "2.0.3"
  resolved "https://registry.yarnpkg.com/@sanity/cli/-/cli-2.0.3.tgz#bec47336ed03383782bd1905398d3ff65e3f6d84"
  integrity sha512-CllPnX3h86hQEiYXlFk8N9zfNKZxD7joy+TT8xSuo1UEynI177uZnyJ0rQoJi1xkZ/b8Ja3uhyTohgkiZNPsIg==
